
Microsoft Visual Studio Solution File, Format Version 12.00
# Visual Studio 2015
Project("{FAE04EC0-301F-11D3-BF4B-00C04F79EFBC}") = "PaeJuegoEducativo", "PaeJuegoEducativo.csproj", "{2A009F2D-FB9A-2032-F9A5-372BE42F1CBD}"
EndProject
Global
	GlobalSection(SolutionConfigurationPlatforms) = preSolution
		Debug|Any CPU = Debug|Any CPU
		Release|Any CPU = Release|Any CPU
	EndGlobalSection
	GlobalSection(ProjectConfigurationPlatforms) = postSolution
		{2A009F2D-FB9A-2032-F9A5-372BE42F1CBD}.Debug|Any CPU.ActiveCfg = Debug|Any CPU
		{2A009F2D-FB9A-2032-F9A5-372BE42F1CBD}.Debug|Any CPU.Build.0 = Debug|Any CPU
		{2A009F2D-FB9A-2032-F9A5-372BE42F1CBD}.Release|Any CPU.ActiveCfg = Release|Any CPU
		{2A009F2D-FB9A-2032-F9A5-372BE42F1CBD}.Release|Any CPU.Build.0 = Release|Any CPU
	EndGlobalSection
	GlobalSection(SolutionProperties) = preSolution
		HideSolutionNode = FALSE
	EndGlobalSection
EndGlobal
